// !$*UTF8*$!
{
	archiveVersion = 1;
	classes = {
	};
	objectVersion = 55;
	objects = {

/* Begin PBXBuildFile section */
		D8341FC127F1E183002AC299 /* Spotify.swift in Sources */ = {isa = PBXBuildFile; fileRef = D8341FC027F1E183002AC299 /* Spotify.swift */; };
		D8341FC327F1E2C7002AC299 /* Song.swift in Sources */ = {isa = PBXBuildFile; fileRef = D8341FC227F1E2C7002AC299 /* Song.swift */; };
		D864CF8F280291E600FD1EAF /* StatusBarController.swift in Sources */ = {isa = PBXBuildFile; fileRef = D864CF8E280291E600FD1EAF /* StatusBarController.swift */; };
		D864CF932802956F00FD1EAF /* MenuBarViewController.swift in Sources */ = {isa = PBXBuildFile; fileRef = D864CF922802956F00FD1EAF /* MenuBarViewController.swift */; };
		D864CF9628029C6300FD1EAF /* HoverButton.swift in Sources */ = {isa = PBXBuildFile; fileRef = D864CF9528029C6200FD1EAF /* HoverButton.swift */; };
		D864CF9828029D3E00FD1EAF /* HoverSlider.swift in Sources */ = {isa = PBXBuildFile; fileRef = D864CF9728029D3E00FD1EAF /* HoverSlider.swift */; };
		D8AB553027F1F20200B7EC39 /* SpotifyWindowController.swift in Sources */ = {isa = PBXBuildFile; fileRef = D8AB552F27F1F20200B7EC39 /* SpotifyWindowController.swift */; };
		D8AB553227F1F72500B7EC39 /* WindowDragView.swift in Sources */ = {isa = PBXBuildFile; fileRef = D8AB553127F1F72500B7EC39 /* WindowDragView.swift */; };
		D8AB553527F808F200B7EC39 /* Extensions.swift in Sources */ = {isa = PBXBuildFile; fileRef = D8AB553427F808F200B7EC39 /* Extensions.swift */; };
		D8C0737727F06451006F70F1 /* AppDelegate.swift in Sources */ = {isa = PBXBuildFile; fileRef = D8C0737627F06451006F70F1 /* AppDelegate.swift */; };
		D8C0737927F06451006F70F1 /* ViewController.swift in Sources */ = {isa = PBXBuildFile; fileRef = D8C0737827F06451006F70F1 /* ViewController.swift */; };
		D8C0737B27F06453006F70F1 /* Assets.xcassets in Resources */ = {isa = PBXBuildFile; fileRef = D8C0737A27F06453006F70F1 /* Assets.xcassets */; };
		D8C0737E27F06453006F70F1 /* Main.storyboard in Resources */ = {isa = PBXBuildFile; fileRef = D8C0737C27F06453006F70F1 /* Main.storyboard */; };
/* End PBXBuildFile section */

/* Begin PBXFileReference section */
		D8341FC027F1E183002AC299 /* Spotify.swift */ = {isa = PBXFileReference; lastKnownFileType = sourcecode.swift; path = Spotify.swift; sourceTree = "<group>"; };
		D8341FC227F1E2C7002AC299 /* Song.swift */ = {isa = PBXFileReference; lastKnownFileType = sourcecode.swift; path = Song.swift; sourceTree = "<group>"; };
		D864CF8E280291E600FD1EAF /* StatusBarController.swift */ = {isa = PBXFileReference; lastKnownFileType = sourcecode.swift; path = StatusBarController.swift; sourceTree = "<group>"; };
		D864CF922802956F00FD1EAF /* MenuBarViewController.swift */ = {isa = PBXFileReference; lastKnownFileType = sourcecode.swift; path = MenuBarViewController.swift; sourceTree = "<group>"; };
		D864CF9528029C6200FD1EAF /* HoverButton.swift */ = {isa = PBXFileReference; lastKnownFileType = sourcecode.swift; path = HoverButton.swift; sourceTree = "<group>"; };
		D864CF9728029D3E00FD1EAF /* HoverSlider.swift */ = {isa = PBXFileReference; lastKnownFileType = sourcecode.swift; path = HoverSlider.swift; sourceTree = "<group>"; };
		D8AB552F27F1F20200B7EC39 /* SpotifyWindowController.swift */ = {isa = PBXFileReference; lastKnownFileType = sourcecode.swift; path = SpotifyWindowController.swift; sourceTree = "<group>"; };
		D8AB553127F1F72500B7EC39 /* WindowDragView.swift */ = {isa = PBXFileReference; lastKnownFileType = sourcecode.swift; path = WindowDragView.swift; sourceTree = "<group>"; };
		D8AB553427F808F200B7EC39 /* Extensions.swift */ = {isa = PBXFileReference; lastKnownFileType = sourcecode.swift; path = Extensions.swift; sourceTree = "<group>"; };
		D8C0737327F06451006F70F1 /* SpotifySquared.app */ = {isa = PBXFileReference; explicitFileType = wrapper.application; includeInIndex = 0; path = SpotifySquared.app; sourceTree = BUILT_PRODUCTS_DIR; };
		D8C0737627F06451006F70F1 /* AppDelegate.swift */ = {isa = PBXFileReference; lastKnownFileType = sourcecode.swift; path = AppDelegate.swift; sourceTree = "<group>"; };
		D8C0737827F06451006F70F1 /* ViewController.swift */ = {isa = PBXFileReference; lastKnownFileType = sourcecode.swift; path = ViewController.swift; sourceTree = "<group>"; };
		D8C0737A27F06453006F70F1 /* Assets.xcassets */ = {isa = PBXFileReference; lastKnownFileType = folder.assetcatalog; path = Assets.xcassets; sourceTree = "<group>"; };
		D8C0737D27F06453006F70F1 /* Base */ = {isa = PBXFileReference; lastKnownFileType = file.storyboard; name = Base; path = Base.lproj/Main.storyboard; sourceTree = "<group>"; };
		D8C0738927F068FB006F70F1 /* Info.plist */ = {isa = PBXFileReference; lastKnownFileType = text.plist; path = Info.plist; sourceTree = "<group>"; };
/* End PBXFileReference section */

/* Begin PBXFrameworksBuildPhase section */
		D8C0737027F06451006F70F1 /* Frameworks */ = {
			isa = PBXFrameworksBuildPhase;
			buildActionMask = 2147483647;
			files = (
			);
			runOnlyForDeploymentPostprocessing = 0;
		};
/* End PBXFrameworksBuildPhase section */

/* Begin PBXGroup section */
		D8341FC427F1E2CA002AC299 /* Models */ = {
			isa = PBXGroup;
			children = (
				D8341FC227F1E2C7002AC299 /* Song.swift */,
			);
			path = Models;
			sourceTree = "<group>";
		};
		D864CF9428029C5100FD1EAF /* Objects */ = {
			isa = PBXGroup;
			children = (
				D864CF9528029C6200FD1EAF /* HoverButton.swift */,
				D864CF9728029D3E00FD1EAF /* HoverSlider.swift */,
			);
			path = Objects;
			sourceTree = "<group>";
		};
		D8AB553327F322BD00B7EC39 /* Views */ = {
			isa = PBXGroup;
			children = (
				D8C0737827F06451006F70F1 /* ViewController.swift */,
				D864CF922802956F00FD1EAF /* MenuBarViewController.swift */,
				D8AB553127F1F72500B7EC39 /* WindowDragView.swift */,
			);
			path = Views;
			sourceTree = "<group>";
		};
		D8C0736A27F06451006F70F1 = {
			isa = PBXGroup;
			children = (
				D8C0737527F06451006F70F1 /* SpotifySquared */,
				D8C0737427F06451006F70F1 /* Products */,
			);
			sourceTree = "<group>";
		};
		D8C0737427F06451006F70F1 /* Products */ = {
			isa = PBXGroup;
			children = (
				D8C0737327F06451006F70F1 /* SpotifySquared.app */,
			);
			name = Products;
			sourceTree = "<group>";
		};
		D8C0737527F06451006F70F1 /* SpotifySquared */ = {
			isa = PBXGroup;
			children = (
				D864CF9428029C5100FD1EAF /* Objects */,
				D8341FC427F1E2CA002AC299 /* Models */,
				D8C0738927F068FB006F70F1 /* Info.plist */,
				D8C0738627F06518006F70F1 /* Controllers */,
				D8C0737627F06451006F70F1 /* AppDelegate.swift */,
				D8C0737A27F06453006F70F1 /* Assets.xcassets */,
				D8C0737C27F06453006F70F1 /* Main.storyboard */,
				D8AB553327F322BD00B7EC39 /* Views */,
				D8AB553427F808F200B7EC39 /* Extensions.swift */,
			);
			path = SpotifySquared;
			sourceTree = "<group>";
		};
		D8C0738627F06518006F70F1 /* Controllers */ = {
			isa = PBXGroup;
			children = (
				D8AB552F27F1F20200B7EC39 /* SpotifyWindowController.swift */,
				D8341FC027F1E183002AC299 /* Spotify.swift */,
				D864CF8E280291E600FD1EAF /* StatusBarController.swift */,
			);
			path = Controllers;
			sourceTree = "<group>";
		};
/* End PBXGroup section */

/* Begin PBXNativeTarget section */
		D8C0737227F06451006F70F1 /* SpotifySquared */ = {
			isa = PBXNativeTarget;
			buildConfigurationList = D8C0738227F06453006F70F1 /* Build configuration list for PBXNativeTarget "SpotifySquared" */;
			buildPhases = (
				D8C0736F27F06451006F70F1 /* Sources */,
				D8C0737027F06451006F70F1 /* Frameworks */,
				D8C0737127F06451006F70F1 /* Resources */,
			);
			buildRules = (
			);
			dependencies = (
			);
			name = SpotifySquared;
			productName = MusicWidget;
			productReference = D8C0737327F06451006F70F1 /* SpotifySquared.app */;
			productType = "com.apple.product-type.application";
		};
/* End PBXNativeTarget section */

/* Begin PBXProject section */
		D8C0736B27F06451006F70F1 /* Project object */ = {
			isa = PBXProject;
			attributes = {
				BuildIndependentTargetsInParallel = 1;
				LastSwiftUpdateCheck = 1320;
				LastUpgradeCheck = 1320;
				TargetAttributes = {
					D8C0737227F06451006F70F1 = {
						CreatedOnToolsVersion = 13.2.1;
					};
				};
			};
			buildConfigurationList = D8C0736E27F06451006F70F1 /* Build configuration list for PBXProject "SpotifySquared" */;
			compatibilityVersion = "Xcode 13.0";
			developmentRegion = en;
			hasScannedForEncodings = 0;
			knownRegions = (
				en,
				Base,
			);
			mainGroup = D8C0736A27F06451006F70F1;
			productRefGroup = D8C0737427F06451006F70F1 /* Products */;
			projectDirPath = "";
			projectRoot = "";
			targets = (
				D8C0737227F06451006F70F1 /* SpotifySquared */,
			);
		};
/* End PBXProject section */

/* Begin PBXResourcesBuildPhase section */
		D8C0737127F06451006F70F1 /* Resources */ = {
			isa = PBXResourcesBuildPhase;
			buildActionMask = 2147483647;
			files = (
				D8C0737B27F06453006F70F1 /* Assets.xcassets in Resources */,
				D8C0737E27F06453006F70F1 /* Main.storyboard in Resources */,
			);
			runOnlyForDeploymentPostprocessing = 0;
		};
/* End PBXResourcesBuildPhase section */

/* Begin PBXSourcesBuildPhase section */
		D8C0736F27F06451006F70F1 /* Sources */ = {
			isa = PBXSourcesBuildPhase;
			buildActionMask = 2147483647;
			files = (
				D8AB553227F1F72500B7EC39 /* WindowDragView.swift in Sources */,
				D864CF8F280291E600FD1EAF /* StatusBarController.swift in Sources */,
				D8341FC327F1E2C7002AC299 /* Song.swift in Sources */,
				D8AB553027F1F20200B7EC39 /* SpotifyWindowController.swift in Sources */,
				D8341FC127F1E183002AC299 /* Spotify.swift in Sources */,
				D864CF932802956F00FD1EAF /* MenuBarViewController.swift in Sources */,
				D8C0737927F06451006F70F1 /* ViewController.swift in Sources */,
				D8C0737727F06451006F70F1 /* AppDelegate.swift in Sources */,
				D864CF9628029C6300FD1EAF /* HoverButton.swift in Sources */,
				D864CF9828029D3E00FD1EAF /* HoverSlider.swift in Sources */,
				D8AB553527F808F200B7EC39 /* Extensions.swift in Sources */,
			);
			runOnlyForDeploymentPostprocessing = 0;
		};
/* End PBXSourcesBuildPhase section */

/* Begin PBXVariantGroup section */
		D8C0737C27F06453006F70F1 /* Main.storyboard */ = {
			isa = PBXVariantGroup;
			children = (
				D8C0737D27F06453006F70F1 /* Base */,
			);
			name = Main.storyboard;
			sourceTree = "<group>";
		};
/* End PBXVariantGroup section */

/* Begin XCBuildConfiguration section */
		D8C0738027F06453006F70F1 /* Debug */ = {
			isa = XCBuildConfiguration;
			buildSettings = {
				ALWAYS_SEARCH_USER_PATHS = NO;
				CLANG_ANALYZER_NONNULL = YES;
				CLANG_ANALYZER_NUMBER_OBJECT_CONVERSION = YES_AGGRESSIVE;
				CLANG_CXX_LANGUAGE_STANDARD = "gnu++17";
				CLANG_CXX_LIBRARY = "libc++";
				CLANG_ENABLE_MODULES = YES;
				CLANG_ENABLE_OBJC_ARC = YES;
				CLANG_ENABLE_OBJC_WEAK = YES;
				CLANG_WARN_BLOCK_CAPTURE_AUTORELEASING = YES;
				CLANG_WARN_BOOL_CONVERSION = YES;
				CLANG_WARN_COMMA = YES;
				CLANG_WARN_CONSTANT_CONVERSION = YES;
				CLANG_WARN_DEPRECATED_OBJC_IMPLEMENTATIONS = YES;
				CLANG_WARN_DIRECT_OBJC_ISA_USAGE = YES_ERROR;
				CLANG_WARN_DOCUMENTATION_COMMENTS = YES;
				CLANG_WARN_EMPTY_BODY = YES;
				CLANG_WARN_ENUM_CONVERSION = YES;
				CLANG_WARN_INFINITE_RECURSION = YES;
				CLANG_WARN_INT_CONVERSION = YES;
				CLANG_WARN_NON_LITERAL_NULL_CONVERSION = YES;
				CLANG_WARN_OBJC_IMPLICIT_RETAIN_SELF = YES;
				CLANG_WARN_OBJC_LITERAL_CONVERSION = YES;
				CLANG_WARN_OBJC_ROOT_CLASS = YES_ERROR;
				CLANG_WARN_QUOTED_INCLUDE_IN_FRAMEWORK_HEADER = YES;
				CLANG_WARN_RANGE_LOOP_ANALYSIS = YES;
				CLANG_WARN_STRICT_PROTOTYPES = YES;
				CLANG_WARN_SUSPICIOUS_MOVE = YES;
				CLANG_WARN_UNGUARDED_AVAILABILITY = YES_AGGRESSIVE;
				CLANG_WARN_UNREACHABLE_CODE = YES;
				CLANG_WARN__DUPLICATE_METHOD_MATCH = YES;
				COPY_PHASE_STRIP = NO;
				DEBUG_INFORMATION_FORMAT = dwarf;
				ENABLE_STRICT_OBJC_MSGSEND = YES;
				ENABLE_TESTABILITY = YES;
				GCC_C_LANGUAGE_STANDARD = gnu11;
				GCC_DYNAMIC_NO_PIC = NO;
				GCC_NO_COMMON_BLOCKS = YES;
				GCC_OPTIMIZATION_LEVEL = 0;
				GCC_PREPROCESSOR_DEFINITIONS = (
					"DEBUG=1",
					"$(inherited)",
				);
				GCC_WARN_64_TO_32_BIT_CONVERSION = YES;
				GCC_WARN_ABOUT_RETURN_TYPE = YES_ERROR;
				GCC_WARN_UNDECLARED_SELECTOR = YES;
				GCC_WARN_UNINITIALIZED_AUTOS = YES_AGGRESSIVE;
				GCC_WARN_UNUSED_FUNCTION = YES;
				GCC_WARN_UNUSED_VARIABLE = YES;
				MACOSX_DEPLOYMENT_TARGET = 12.1;
				MTL_ENABLE_DEBUG_INFO = INCLUDE_SOURCE;
				MTL_FAST_MATH = YES;
				ONLY_ACTIVE_ARCH = YES;
				SDKROOT = macosx;
				SWIFT_ACTIVE_COMPILATION_CONDITIONS = DEBUG;
				SWIFT_OPTIMIZATION_LEVEL = "-Onone";
			};
			name = Debug;
		};
		D8C0738127F06453006F70F1 /* Release */ = {
			isa = XCBuildConfiguration;
			buildSettings = {
				ALWAYS_SEARCH_USER_PATHS = NO;
				CLANG_ANALYZER_NONNULL = YES;
				CLANG_ANALYZER_NUMBER_OBJECT_CONVERSION = YES_AGGRESSIVE;
				CLANG_CXX_LANGUAGE_STANDARD = "gnu++17";
				CLANG_CXX_LIBRARY = "libc++";
				CLANG_ENABLE_MODULES = YES;
				CLANG_ENABLE_OBJC_ARC = YES;
				CLANG_ENABLE_OBJC_WEAK = YES;
				CLANG_WARN_BLOCK_CAPTURE_AUTORELEASING = YES;
				CLANG_WARN_BOOL_CONVERSION = YES;
				CLANG_WARN_COMMA = YES;
				CLANG_WARN_CONSTANT_CONVERSION = YES;
				CLANG_WARN_DEPRECATED_OBJC_IMPLEMENTATIONS = YES;
				CLANG_WARN_DIRECT_OBJC_ISA_USAGE = YES_ERROR;
				CLANG_WARN_DOCUMENTATION_COMMENTS = YES;
				CLANG_WARN_EMPTY_BODY = YES;
				CLANG_WARN_ENUM_CONVERSION = YES;
				CLANG_WARN_INFINITE_RECURSION = YES;
				CLANG_WARN_INT_CONVERSION = YES;
				CLANG_WARN_NON_LITERAL_NULL_CONVERSION = YES;
				CLANG_WARN_OBJC_IMPLICIT_RETAIN_SELF = YES;
				CLANG_WARN_OBJC_LITERAL_CONVERSION = YES;
				CLANG_WARN_OBJC_ROOT_CLASS = YES_ERROR;
				CLANG_WARN_QUOTED_INCLUDE_IN_FRAMEWORK_HEADER = YES;
				CLANG_WARN_RANGE_LOOP_ANALYSIS = YES;
				CLANG_WARN_STRICT_PROTOTYPES = YES;
				CLANG_WARN_SUSPICIOUS_MOVE = YES;
				CLANG_WARN_UNGUARDED_AVAILABILITY = YES_AGGRESSIVE;
				CLANG_WARN_UNREACHABLE_CODE = YES;
				CLANG_WARN__DUPLICATE_METHOD_MATCH = YES;
				COPY_PHASE_STRIP = NO;
				DEBUG_INFORMATION_FORMAT = "dwarf-with-dsym";
				ENABLE_NS_ASSERTIONS = NO;
				ENABLE_STRICT_OBJC_MSGSEND = YES;
				GCC_C_LANGUAGE_STANDARD = gnu11;
				GCC_NO_COMMON_BLOCKS = YES;
				GCC_WARN_64_TO_32_BIT_CONVERSION = YES;
				GCC_WARN_ABOUT_RETURN_TYPE = YES_ERROR;
				GCC_WARN_UNDECLARED_SELECTOR = YES;
				GCC_WARN_UNINITIALIZED_AUTOS = YES_AGGRESSIVE;
				GCC_WARN_UNUSED_FUNCTION = YES;
				GCC_WARN_UNUSED_VARIABLE = YES;
				MACOSX_DEPLOYMENT_TARGET = 12.1;
				MTL_ENABLE_DEBUG_INFO = NO;
				MTL_FAST_MATH = YES;
				SDKROOT = macosx;
				SWIFT_COMPILATION_MODE = wholemodule;
				SWIFT_OPTIMIZATION_LEVEL = "-O";
			};
			name = Release;
		};
		D8C0738327F06453006F70F1 /* Debug */ = {
			isa = XCBuildConfiguration;
			buildSettings = {
				ASSETCATALOG_COMPILER_APPICON_NAME = AppIcon;
				ASSETCATALOG_COMPILER_GLOBAL_ACCENT_COLOR_NAME = AccentColor;
				ASSETCATALOG_COMPILER_INCLUDE_ALL_APPICON_ASSETS = NO;
				CODE_SIGN_ENTITLEMENTS = SpotifySquared/SpotifySquared.entitlements;
				CODE_SIGN_IDENTITY = "Apple Development";
				CODE_SIGN_STYLE = Automatic;
				COMBINE_HIDPI_IMAGES = YES;
				CURRENT_PROJECT_VERSION = 1;
				DEVELOPMENT_TEAM = 4QF44ESHRJ;
				ENABLE_HARDENED_RUNTIME = YES;
				GENERATE_INFOPLIST_FILE = YES;
				INFOPLIST_FILE = SpotifySquared/Info.plist;
				INFOPLIST_KEY_LSApplicationCategoryType = "public.app-category.music";
				INFOPLIST_KEY_NSAppleEventsUsageDescription = "Please allow access to Spotify";
				INFOPLIST_KEY_NSHumanReadableCopyright = "";
				INFOPLIST_KEY_NSMainStoryboardFile = Main;
				INFOPLIST_KEY_NSPrincipalClass = NSApplication;
				LD_RUNPATH_SEARCH_PATHS = (
					"$(inherited)",
					"@executable_path/../Frameworks",
				);
				MACOSX_DEPLOYMENT_TARGET = 11.0;
				MARKETING_VERSION = 1.0;
				PRODUCT_BUNDLE_IDENTIFIER = tomas.bolger.SpotifySquared;
				PRODUCT_NAME = SpotifySquared;
				PROVISIONING_PROFILE_SPECIFIER = "";
				SWIFT_EMIT_LOC_STRINGS = YES;
				SWIFT_VERSION = 5.0;
			};
			name = Debug;
		};
		D8C0738427F06453006F70F1 /* Release */ = {
			isa = XCBuildConfiguration;
			buildSettings = {
				ASSETCATALOG_COMPILER_APPICON_NAME = AppIcon;
				ASSETCATALOG_COMPILER_GLOBAL_ACCENT_COLOR_NAME = AccentColor;
				ASSETCATALOG_COMPILER_INCLUDE_ALL_APPICON_ASSETS = NO;
				CODE_SIGN_ENTITLEMENTS = SpotifySquared/SpotifySquared.entitlements;
				CODE_SIGN_IDENTITY = "Apple Development";
				CODE_SIGN_STYLE = Automatic;
				COMBINE_HIDPI_IMAGES = YES;
				CURRENT_PROJECT_VERSION = 1;
				DEVELOPMENT_TEAM = 4QF44ESHRJ;
				ENABLE_HARDENED_RUNTIME = YES;
				GENERATE_INFOPLIST_FILE = YES;
				INFOPLIST_FILE = SpotifySquared/Info.plist;
				INFOPLIST_KEY_LSApplicationCategoryType = "public.app-category.music";
				INFOPLIST_KEY_NSAppleEventsUsageDescription = "Please allow access to Spotify";
				INFOPLIST_KEY_NSHumanReadableCopyright = "";
				INFOPLIST_KEY_NSMainStoryboardFile = Main;
				INFOPLIST_KEY_NSPrincipalClass = NSApplication;
				LD_RUNPATH_SEARCH_PATHS = (
					"$(inherited)",
					"@executable_path/../Frameworks",
				);
				MACOSX_DEPLOYMENT_TARGET = 11.0;
				MARKETING_VERSION = 1.0;
				PRODUCT_BUNDLE_IDENTIFIER = tomas.bolger.SpotifySquared;
				PRODUCT_NAME = SpotifySquared;
				PROVISIONING_PROFILE_SPECIFIER = "";
				SWIFT_EMIT_LOC_STRINGS = YES;
				SWIFT_VERSION = 5.0;
			};
			name = Release;
		};
/* End XCBuildConfiguration section */

/* Begin XCConfigurationList section */
		D8C0736E27F06451006F70F1 /* Build configuration list for PBXProject "SpotifySquared" */ = {
			isa = XCConfigurationList;
			buildConfigurations = (
				D8C0738027F06453006F70F1 /* Debug */,
				D8C0738127F06453006F70F1 /* Release */,
			);
			defaultConfigurationIsVisible = 0;
			defaultConfigurationName = Release;
		};
		D8C0738227F06453006F70F1 /* Build configuration list for PBXNativeTarget "SpotifySquared" */ = {
			isa = XCConfigurationList;
			buildConfigurations = (
				D8C0738327F06453006F70F1 /* Debug */,
				D8C0738427F06453006F70F1 /* Release */,
			);
			defaultConfigurationIsVisible = 0;
			defaultConfigurationName = Release;
		};
/* End XCConfigurationList section */
	};
	rootObject = D8C0736B27F06451006F70F1 /* Project object */;
}
